<Solution>
  <Project Path="../ml/PurchaseAssistant.ML/PurchaseAssistant.ML.csproj" />
  <Project Path="../ml/PurchaseAssistant.ML.Tool/PurchaseAssistant.ML.Tool.csproj" />
  <Project Path="PurchaseAssistant.Application/PurchaseAssistant.Application.csproj" />
  <Project Path="PurchaseAssistant.Contracts/PurchaseAssistant.Contracts.csproj" />
  <Project Path="PurchaseAssistant.Domain/PurchaseAssistant.Domain.csproj" />
  <Project Path="PurchaseAssistant.Infrastructure/PurchaseAssistant.Infrastructure.csproj" />
  <Project Path="PurchaseAssistant.IntegrationTests/PurchaseAssistant.IntegrationTests.csproj" />
  <Project Path="PurchaseAssistant.RecoveryTool/PurchaseAssistant.RecoveryTool.csproj" />
  <Project Path="PurchaseAssistant.UnitTests/PurchaseAssistant.UnitTests.csproj" />
  <Project Path="PurchaseAssistant.Web/PurchaseAssistant.Web.csproj" />
</Solution>
